
Microsoft Visual Studio Solution File, Format Version 12.00
# Visual Studio Version 17
VisualStudioVersion = 17.4.33205.214
MinimumVisualStudioVersion = 10.0.40219.1
Project("{9A19103F-16F7-4668-BE54-9A1E7A4F7556}") = "UsageExample", "ThumbnailResizerLibExample\UsageExample.csproj", "{3977D1C5-5391-4782-AF43-F1646A4CF15F}"
EndProject
Project("{9A19103F-16F7-4668-BE54-9A1E7A4F7556}") = "ThumbnailResizerLib", "ThumbnailResizerLib\ThumbnailResizerLib.csproj", "{4E6C6934-7505-4B0B-B809-51AB7BA1E799}"
EndProject
Project("{9A19103F-16F7-4668-BE54-9A1E7A4F7556}") = "ThumbnailResizerLibTests", "ThumbnailResizerLibTests\ThumbnailResizerLibTests.csproj", "{6C995701-EA90-4C7F-8B73-BD03C2F7BD48}"
EndProject
Global
	GlobalSection(SolutionConfigurationPlatforms) = preSolution
		Debug|Any CPU = Debug|Any CPU
		Release|Any CPU = Release|Any CPU
	EndGlobalSection
	GlobalSection(ProjectConfigurationPlatforms) = postSolution
		{3977D1C5-5391-4782-AF43-F1646A4CF15F}.Debug|Any CPU.ActiveCfg = Debug|Any CPU
		{3977D1C5-5391-4782-AF43-F1646A4CF15F}.Debug|Any CPU.Build.0 = Debug|Any CPU
		{3977D1C5-5391-4782-AF43-F1646A4CF15F}.Release|Any CPU.ActiveCfg = Release|Any CPU
		{3977D1C5-5391-4782-AF43-F1646A4CF15F}.Release|Any CPU.Build.0 = Release|Any CPU
		{4E6C6934-7505-4B0B-B809-51AB7BA1E799}.Debug|Any CPU.ActiveCfg = Debug|Any CPU
		{4E6C6934-7505-4B0B-B809-51AB7BA1E799}.Debug|Any CPU.Build.0 = Debug|Any CPU
		{4E6C6934-7505-4B0B-B809-51AB7BA1E799}.Release|Any CPU.ActiveCfg = Release|Any CPU
		{4E6C6934-7505-4B0B-B809-51AB7BA1E799}.Release|Any CPU.Build.0 = Release|Any CPU
		{6C995701-EA90-4C7F-8B73-BD03C2F7BD48}.Debug|Any CPU.ActiveCfg = Debug|Any CPU
		{6C995701-EA90-4C7F-8B73-BD03C2F7BD48}.Debug|Any CPU.Build.0 = Debug|Any CPU
		{6C995701-EA90-4C7F-8B73-BD03C2F7BD48}.Release|Any CPU.ActiveCfg = Release|Any CPU
		{6C995701-EA90-4C7F-8B73-BD03C2F7BD48}.Release|Any CPU.Build.0 = Release|Any CPU
	EndGlobalSection
	GlobalSection(SolutionProperties) = preSolution
		HideSolutionNode = FALSE
	EndGlobalSection
	GlobalSection(ExtensibilityGlobals) = postSolution
		SolutionGuid = {BB6876D1-DA59-400B-BDF7-EFB0591D94B2}
	EndGlobalSection
EndGlobal
